Microsoft Visual Studio Solution File, Format Version 12.00
# Visual Studio Version 17
VisualStudioVersion = 17.5.2.0
MinimumVisualStudioVersion = 10.0.40219.1
Project("{FAE04EC0-301F-11D3-BF4B-00C04F79EFBC}") = "CreekRiver", "CreekRiver.csproj", "{FFD73CEB-E5D2-FDFF-2837-4A8FDF4A5762}"
EndProject
Global
	GlobalSection(SolutionConfigurationPlatforms) = preSolution
		Debug|Any CPU = Debug|Any CPU
		Release|Any CPU = Release|Any CPU
	EndGlobalSection
	GlobalSection(ProjectConfigurationPlatforms) = postSolution
		{FFD73CEB-E5D2-FDFF-2837-4A8FDF4A5762}.Debug|Any CPU.ActiveCfg = Debug|Any CPU
		{FFD73CEB-E5D2-FDFF-2837-4A8FDF4A5762}.Debug|Any CPU.Build.0 = Debug|Any CPU
		{FFD73CEB-E5D2-FDFF-2837-4A8FDF4A5762}.Release|Any CPU.ActiveCfg = Release|Any CPU
		{FFD73CEB-E5D2-FDFF-2837-4A8FDF4A5762}.Release|Any CPU.Build.0 = Release|Any CPU
	EndGlobalSection
	GlobalSection(SolutionProperties) = preSolution
		HideSolutionNode = FALSE
	EndGlobalSection
	GlobalSection(ExtensibilityGlobals) = postSolution
		SolutionGuid = {B6469E4F-451F-4063-A09F-E4770101A0B7}
	EndGlobalSection
EndGlobal
